// !$*UTF8*$!
{
	archiveVersion = 1;
	classes = {
	};
	objectVersion = 56;
	objects = {

/* Begin PBXBuildFile section */
		1F1CF3502A273083009E0F94 /* AppDelegate.swift in Sources */ = {isa = PBXBuildFile; fileRef = 1F1CF34F2A273083009E0F94 /* AppDelegate.swift */; };
		1F1CF3522A273083009E0F94 /* SceneDelegate.swift in Sources */ = {isa = PBXBuildFile; fileRef = 1F1CF3512A273083009E0F94 /* SceneDelegate.swift */; };
		1F1CF3542A273083009E0F94 /* ViewController.swift in Sources */ = {isa = PBXBuildFile; fileRef = 1F1CF3532A273083009E0F94 /* ViewController.swift */; };
		1F1CF3572A273083009E0F94 /* Main.storyboard in Resources */ = {isa = PBXBuildFile; fileRef = 1F1CF3552A273083009E0F94 /* Main.storyboard */; };
		1F1CF3592A273084009E0F94 /* Assets.xcassets in Resources */ = {isa = PBXBuildFile; fileRef = 1F1CF3582A273084009E0F94 /* Assets.xcassets */; };
		1F1CF35C2A273084009E0F94 /* LaunchScreen.storyboard in Resources */ = {isa = PBXBuildFile; fileRef = 1F1CF35A2A273084009E0F94 /* LaunchScreen.storyboard */; };
		1F1CF3652A274568009E0F94 /* Lottie in Frameworks */ = {isa = PBXBuildFile; productRef = 1F1CF3642A274568009E0F94 /* Lottie */; };
		1F1CF3672A2747F1009E0F94 /* BubbleExplosion.json in Resources */ = {isa = PBXBuildFile; fileRef = 1F1CF3662A2747F1009E0F94 /* BubbleExplosion.json */; };
/* End PBXBuildFile section */

/* Begin PBXFileReference section */
		1F1CF34C2A273083009E0F94 /* TapBubbleAnimation.app */ = {isa = PBXFileReference; explicitFileType = wrapper.application; includeInIndex = 0; path = TapBubbleAnimation.app; sourceTree = BUILT_PRODUCTS_DIR; };
		1F1CF34F2A273083009E0F94 /* AppDelegate.swift */ = {isa = PBXFileReference; lastKnownFileType = sourcecode.swift; path = AppDelegate.swift; sourceTree = "<group>"; };
		1F1CF3512A273083009E0F94 /* SceneDelegate.swift */ = {isa = PBXFileReference; lastKnownFileType = sourcecode.swift; path = SceneDelegate.swift; sourceTree = "<group>"; };
		1F1CF3532A273083009E0F94 /* ViewController.swift */ = {isa = PBXFileReference; lastKnownFileType = sourcecode.swift; path = ViewController.swift; sourceTree = "<group>"; };
		1F1CF3562A273083009E0F94 /* Base */ = {isa = PBXFileReference; lastKnownFileType = file.storyboard; name = Base; path = Base.lproj/Main.storyboard; sourceTree = "<group>"; };
		1F1CF3582A273084009E0F94 /* Assets.xcassets */ = {isa = PBXFileReference; lastKnownFileType = folder.assetcatalog; path = Assets.xcassets; sourceTree = "<group>"; };
		1F1CF35B2A273084009E0F94 /* Base */ = {isa = PBXFileReference; lastKnownFileType = file.storyboard; name = Base; path = Base.lproj/LaunchScreen.storyboard; sourceTree = "<group>"; };
		1F1CF35D2A273084009E0F94 /* Info.plist */ = {isa = PBXFileReference; lastKnownFileType = text.plist.xml; path = Info.plist; sourceTree = "<group>"; };
		1F1CF3662A2747F1009E0F94 /* BubbleExplosion.json */ = {isa = PBXFileReference; fileEncoding = 4; lastKnownFileType = text.json; path = BubbleExplosion.json; sourceTree = "<group>"; };
/* End PBXFileReference section */

/* Begin PBXFrameworksBuildPhase section */
		1F1CF3492A273083009E0F94 /* Frameworks */ = {
			isa = PBXFrameworksBuildPhase;
			buildActionMask = 2147483647;
			files = (
				1F1CF3652A274568009E0F94 /* Lottie in Frameworks */,
			);
			runOnlyForDeploymentPostprocessing = 0;
		};
/* End PBXFrameworksBuildPhase section */

/* Begin PBXGroup section */
		1F1CF3432A273083009E0F94 = {
			isa = PBXGroup;
			children = (
				1F1CF34E2A273083009E0F94 /* TapBubbleAnimation */,
				1F1CF34D2A273083009E0F94 /* Products */,
			);
			sourceTree = "<group>";
		};
		1F1CF34D2A273083009E0F94 /* Products */ = {
			isa = PBXGroup;
			children = (
				1F1CF34C2A273083009E0F94 /* TapBubbleAnimation.app */,
			);
			name = Products;
			sourceTree = "<group>";
		};
		1F1CF34E2A273083009E0F94 /* TapBubbleAnimation */ = {
			isa = PBXGroup;
			children = (
				1F1CF34F2A273083009E0F94 /* AppDelegate.swift */,
				1F1CF3512A273083009E0F94 /* SceneDelegate.swift */,
				1F1CF3532A273083009E0F94 /* ViewController.swift */,
				1F1CF3552A273083009E0F94 /* Main.storyboard */,
				1F1CF3582A273084009E0F94 /* Assets.xcassets */,
				1F1CF35A2A273084009E0F94 /* LaunchScreen.storyboard */,
				1F1CF3662A2747F1009E0F94 /* BubbleExplosion.json */,
				1F1CF35D2A273084009E0F94 /* Info.plist */,
			);
			path = TapBubbleAnimation;
			sourceTree = "<group>";
		};
/* End PBXGroup section */

/* Begin PBXNativeTarget section */
		1F1CF34B2A273083009E0F94 /* TapBubbleAnimation */ = {
			isa = PBXNativeTarget;
			buildConfigurationList = 1F1CF3602A273084009E0F94 /* Build configuration list for PBXNativeTarget "TapBubbleAnimation" */;
			buildPhases = (
				1F1CF3482A273083009E0F94 /* Sources */,
				1F1CF3492A273083009E0F94 /* Frameworks */,
				1F1CF34A2A273083009E0F94 /* Resources */,
			);
			buildRules = (
			);
			dependencies = (
			);
			name = TapBubbleAnimation;
			packageProductDependencies = (
				1F1CF3642A274568009E0F94 /* Lottie */,
			);
			productName = TapBubbleAnimation;
			productReference = 1F1CF34C2A273083009E0F94 /* TapBubbleAnimation.app */;
			productType = "com.apple.product-type.application";
		};
/* End PBXNativeTarget section */

/* Begin PBXProject section */
		1F1CF3442A273083009E0F94 /* Project object */ = {
			isa = PBXProject;
			attributes = {
				BuildIndependentTargetsInParallel = 1;
				LastSwiftUpdateCheck = 1420;
				LastUpgradeCheck = 1420;
				TargetAttributes = {
					1F1CF34B2A273083009E0F94 = {
						CreatedOnToolsVersion = 14.2;
					};
				};
			};
			buildConfigurationList = 1F1CF3472A273083009E0F94 /* Build configuration list for PBXProject "TapBubbleAnimation" */;
			compatibilityVersion = "Xcode 14.0";
			developmentRegion = en;
			hasScannedForEncodings = 0;
			knownRegions = (
				en,
				Base,
			);
			mainGroup = 1F1CF3432A273083009E0F94;
			packageReferences = (
				1F1CF3632A274568009E0F94 /* XCRemoteSwiftPackageReference "lottie-ios" */,
			);
			productRefGroup = 1F1CF34D2A273083009E0F94 /* Products */;
			projectDirPath = "";
			projectRoot = "";
			targets = (
				1F1CF34B2A273083009E0F94 /* TapBubbleAnimation */,
			);
		};
/* End PBXProject section */

/* Begin PBXResourcesBuildPhase section */
		1F1CF34A2A273083009E0F94 /* Resources */ = {
			isa = PBXResourcesBuildPhase;
			buildActionMask = 2147483647;
			files = (
				1F1CF35C2A273084009E0F94 /* LaunchScreen.storyboard in Resources */,
				1F1CF3672A2747F1009E0F94 /* BubbleExplosion.json in Resources */,
				1F1CF3592A273084009E0F94 /* Assets.xcassets in Resources */,
				1F1CF3572A273083009E0F94 /* Main.storyboard in Resources */,
			);
			runOnlyForDeploymentPostprocessing = 0;
		};
/* End PBXResourcesBuildPhase section */

/* Begin PBXSourcesBuildPhase section */
		1F1CF3482A273083009E0F94 /* Sources */ = {
			isa = PBXSourcesBuildPhase;
			buildActionMask = 2147483647;
			files = (
				1F1CF3542A273083009E0F94 /* ViewController.swift in Sources */,
				1F1CF3502A273083009E0F94 /* AppDelegate.swift in Sources */,
				1F1CF3522A273083009E0F94 /* SceneDelegate.swift in Sources */,
			);
			runOnlyForDeploymentPostprocessing = 0;
		};
/* End PBXSourcesBuildPhase section */

/* Begin PBXVariantGroup section */
		1F1CF3552A273083009E0F94 /* Main.storyboard */ = {
			isa = PBXVariantGroup;
			children = (
				1F1CF3562A273083009E0F94 /* Base */,
			);
			name = Main.storyboard;
			sourceTree = "<group>";
		};
		1F1CF35A2A273084009E0F94 /* LaunchScreen.storyboard */ = {
			isa = PBXVariantGroup;
			children = (
				1F1CF35B2A273084009E0F94 /* Base */,
			);
			name = LaunchScreen.storyboard;
			sourceTree = "<group>";
		};
/* End PBXVariantGroup section */

/* Begin XCBuildConfiguration section */
		1F1CF35E2A273084009E0F94 /* Debug */ = {
			isa = XCBuildConfiguration;
			buildSettings = {
				ALWAYS_SEARCH_USER_PATHS = NO;
				CLANG_ANALYZER_NONNULL = YES;
				CLANG_ANALYZER_NUMBER_OBJECT_CONVERSION = YES_AGGRESSIVE;
				CLANG_CXX_LANGUAGE_STANDARD = "gnu++20";
				CLANG_ENABLE_MODULES = YES;
				CLANG_ENABLE_OBJC_ARC = YES;
				CLANG_ENABLE_OBJC_WEAK = YES;
				CLANG_WARN_BLOCK_CAPTURE_AUTORELEASING = YES;
				CLANG_WARN_BOOL_CONVERSION = YES;
				CLANG_WARN_COMMA = YES;
				CLANG_WARN_CONSTANT_CONVERSION = YES;
				CLANG_WARN_DEPRECATED_OBJC_IMPLEMENTATIONS = YES;
				CLANG_WARN_DIRECT_OBJC_ISA_USAGE = YES_ERROR;
				CLANG_WARN_DOCUMENTATION_COMMENTS = YES;
				CLANG_WARN_EMPTY_BODY = YES;
				CLANG_WARN_ENUM_CONVERSION = YES;
				CLANG_WARN_INFINITE_RECURSION = YES;
				CLANG_WARN_INT_CONVERSION = YES;
				CLANG_WARN_NON_LITERAL_NULL_CONVERSION = YES;
				CLANG_WARN_OBJC_IMPLICIT_RETAIN_SELF = YES;
				CLANG_WARN_OBJC_LITERAL_CONVERSION = YES;
				CLANG_WARN_OBJC_ROOT_CLASS = YES_ERROR;
				CLANG_WARN_QUOTED_INCLUDE_IN_FRAMEWORK_HEADER = YES;
				CLANG_WARN_RANGE_LOOP_ANALYSIS = YES;
				CLANG_WARN_STRICT_PROTOTYPES = YES;
				CLANG_WARN_SUSPICIOUS_MOVE = YES;
				CLANG_WARN_UNGUARDED_AVAILABILITY = YES_AGGRESSIVE;
				CLANG_WARN_UNREACHABLE_CODE = YES;
				CLANG_WARN__DUPLICATE_METHOD_MATCH = YES;
				COPY_PHASE_STRIP = NO;
				DEBUG_INFORMATION_FORMAT = dwarf;
				ENABLE_STRICT_OBJC_MSGSEND = YES;
				ENABLE_TESTABILITY = YES;
				GCC_C_LANGUAGE_STANDARD = gnu11;
				GCC_DYNAMIC_NO_PIC = NO;
				GCC_NO_COMMON_BLOCKS = YES;
				GCC_OPTIMIZATION_LEVEL = 0;
				GCC_PREPROCESSOR_DEFINITIONS = (
					"DEBUG=1",
					"$(inherited)",
				);
				GCC_WARN_64_TO_32_BIT_CONVERSION = YES;
				GCC_WARN_ABOUT_RETURN_TYPE = YES_ERROR;
				GCC_WARN_UNDECLARED_SELECTOR = YES;
				GCC_WARN_UNINITIALIZED_AUTOS = YES_AGGRESSIVE;
				GCC_WARN_UNUSED_FUNCTION = YES;
				GCC_WARN_UNUSED_VARIABLE = YES;
				IPHONEOS_DEPLOYMENT_TARGET = 16.2;
				MTL_ENABLE_DEBUG_INFO = INCLUDE_SOURCE;
				MTL_FAST_MATH = YES;
				ONLY_ACTIVE_ARCH = YES;
				SDKROOT = iphoneos;
				SWIFT_ACTIVE_COMPILATION_CONDITIONS = DEBUG;
				SWIFT_OPTIMIZATION_LEVEL = "-Onone";
			};
			name = Debug;
		};
		1F1CF35F2A273084009E0F94 /* Release */ = {
			isa = XCBuildConfiguration;
			buildSettings = {
				ALWAYS_SEARCH_USER_PATHS = NO;
				CLANG_ANALYZER_NONNULL = YES;
				CLANG_ANALYZER_NUMBER_OBJECT_CONVERSION = YES_AGGRESSIVE;
				CLANG_CXX_LANGUAGE_STANDARD = "gnu++20";
				CLANG_ENABLE_MODULES = YES;
				CLANG_ENABLE_OBJC_ARC = YES;
				CLANG_ENABLE_OBJC_WEAK = YES;
				CLANG_WARN_BLOCK_CAPTURE_AUTORELEASING = YES;
				CLANG_WARN_BOOL_CONVERSION = YES;
				CLANG_WARN_COMMA = YES;
				CLANG_WARN_CONSTANT_CONVERSION = YES;
				CLANG_WARN_DEPRECATED_OBJC_IMPLEMENTATIONS = YES;
				CLANG_WARN_DIRECT_OBJC_ISA_USAGE = YES_ERROR;
				CLANG_WARN_DOCUMENTATION_COMMENTS = YES;
				CLANG_WARN_EMPTY_BODY = YES;
				CLANG_WARN_ENUM_CONVERSION = YES;
				CLANG_WARN_INFINITE_RECURSION = YES;
				CLANG_WARN_INT_CONVERSION = YES;
				CLANG_WARN_NON_LITERAL_NULL_CONVERSION = YES;
				CLANG_WARN_OBJC_IMPLICIT_RETAIN_SELF = YES;
				CLANG_WARN_OBJC_LITERAL_CONVERSION = YES;
				CLANG_WARN_OBJC_ROOT_CLASS = YES_ERROR;
				CLANG_WARN_QUOTED_INCLUDE_IN_FRAMEWORK_HEADER = YES;
				CLANG_WARN_RANGE_LOOP_ANALYSIS = YES;
				CLANG_WARN_STRICT_PROTOTYPES = YES;
				CLANG_WARN_SUSPICIOUS_MOVE = YES;
				CLANG_WARN_UNGUARDED_AVAILABILITY = YES_AGGRESSIVE;
				CLANG_WARN_UNREACHABLE_CODE = YES;
				CLANG_WARN__DUPLICATE_METHOD_MATCH = YES;
				COPY_PHASE_STRIP = NO;
				DEBUG_INFORMATION_FORMAT = "dwarf-with-dsym";
				ENABLE_NS_ASSERTIONS = NO;
				ENABLE_STRICT_OBJC_MSGSEND = YES;
				GCC_C_LANGUAGE_STANDARD = gnu11;
				GCC_NO_COMMON_BLOCKS = YES;
				GCC_WARN_64_TO_32_BIT_CONVERSION = YES;
				GCC_WARN_ABOUT_RETURN_TYPE = YES_ERROR;
				GCC_WARN_UNDECLARED_SELECTOR = YES;
				GCC_WARN_UNINITIALIZED_AUTOS = YES_AGGRESSIVE;
				GCC_WARN_UNUSED_FUNCTION = YES;
				GCC_WARN_UNUSED_VARIABLE = YES;
				IPHONEOS_DEPLOYMENT_TARGET = 16.2;
				MTL_ENABLE_DEBUG_INFO = NO;
				MTL_FAST_MATH = YES;
				SDKROOT = iphoneos;
				SWIFT_COMPILATION_MODE = wholemodule;
				SWIFT_OPTIMIZATION_LEVEL = "-O";
				VALIDATE_PRODUCT = YES;
			};
			name = Release;
		};
		1F1CF3612A273084009E0F94 /* Debug */ = {
			isa = XCBuildConfiguration;
			buildSettings = {
				ASSETCATALOG_COMPILER_APPICON_NAME = AppIcon;
				ASSETCATALOG_COMPILER_GLOBAL_ACCENT_COLOR_NAME = AccentColor;
				CODE_SIGN_STYLE = Automatic;
				CURRENT_PROJECT_VERSION = 1;
				DEVELOPMENT_TEAM = R94BP8S4YC;
				GENERATE_INFOPLIST_FILE = YES;
				INFOPLIST_FILE = TapBubbleAnimation/Info.plist;
				INFOPLIST_KEY_UIApplicationSupportsIndirectInputEvents = YES;
				INFOPLIST_KEY_UILaunchStoryboardName = LaunchScreen;
				INFOPLIST_KEY_UIMainStoryboardFile = Main;
				INFOPLIST_KEY_UISupportedInterfaceOrientations_iPad = "UIInterfaceOrientationPortrait UIInterfaceOrientationPortraitUpsideDown UIInterfaceOrientationLandscapeLeft UIInterfaceOrientationLandscapeRight";
				INFOPLIST_KEY_UISupportedInterfaceOrientations_iPhone = "UIInterfaceOrientationPortrait UIInterfaceOrientationLandscapeLeft UIInterfaceOrientationLandscapeRight";
				LD_RUNPATH_SEARCH_PATHS = (
					"$(inherited)",
					"@executable_path/Frameworks",
				);
				MARKETING_VERSION = 1.0;
				PRODUCT_BUNDLE_IDENTIFIER = com.phntech.phncareer.TapBubbleAnimation;
				PRODUCT_NAME = "$(TARGET_NAME)";
				SWIFT_EMIT_LOC_STRINGS = YES;
				SWIFT_VERSION = 5.0;
				TARGETED_DEVICE_FAMILY = "1,2";
			};
			name = Debug;
		};
		1F1CF3622A273084009E0F94 /* Release */ = {
			isa = XCBuildConfiguration;
			buildSettings = {
				ASSETCATALOG_COMPILER_APPICON_NAME = AppIcon;
				ASSETCATALOG_COMPILER_GLOBAL_ACCENT_COLOR_NAME = AccentColor;
				CODE_SIGN_STYLE = Automatic;
				CURRENT_PROJECT_VERSION = 1;
				DEVELOPMENT_TEAM = R94BP8S4YC;
				GENERATE_INFOPLIST_FILE = YES;
				INFOPLIST_FILE = TapBubbleAnimation/Info.plist;
				INFOPLIST_KEY_UIApplicationSupportsIndirectInputEvents = YES;
				INFOPLIST_KEY_UILaunchStoryboardName = LaunchScreen;
				INFOPLIST_KEY_UIMainStoryboardFile = Main;
				INFOPLIST_KEY_UISupportedInterfaceOrientations_iPad = "UIInterfaceOrientationPortrait UIInterfaceOrientationPortraitUpsideDown UIInterfaceOrientationLandscapeLeft UIInterfaceOrientationLandscapeRight";
				INFOPLIST_KEY_UISupportedInterfaceOrientations_iPhone = "UIInterfaceOrientationPortrait UIInterfaceOrientationLandscapeLeft UIInterfaceOrientationLandscapeRight";
				LD_RUNPATH_SEARCH_PATHS = (
					"$(inherited)",
					"@executable_path/Frameworks",
				);
				MARKETING_VERSION = 1.0;
				PRODUCT_BUNDLE_IDENTIFIER = com.phntech.phncareer.TapBubbleAnimation;
				PRODUCT_NAME = "$(TARGET_NAME)";
				SWIFT_EMIT_LOC_STRINGS = YES;
				SWIFT_VERSION = 5.0;
				TARGETED_DEVICE_FAMILY = "1,2";
			};
			name = Release;
		};
/* End XCBuildConfiguration section */

/* Begin XCConfigurationList section */
		1F1CF3472A273083009E0F94 /* Build configuration list for PBXProject "TapBubbleAnimation" */ = {
			isa = XCConfigurationList;
			buildConfigurations = (
				1F1CF35E2A273084009E0F94 /* Debug */,
				1F1CF35F2A273084009E0F94 /* Release */,
			);
			defaultConfigurationIsVisible = 0;
			defaultConfigurationName = Release;
		};
		1F1CF3602A273084009E0F94 /* Build configuration list for PBXNativeTarget "TapBubbleAnimation" */ = {
			isa = XCConfigurationList;
			buildConfigurations = (
				1F1CF3612A273084009E0F94 /* Debug */,
				1F1CF3622A273084009E0F94 /* Release */,
			);
			defaultConfigurationIsVisible = 0;
			defaultConfigurationName = Release;
		};
/* End XCConfigurationList section */

/* Begin XCRemoteSwiftPackageReference section */
		1F1CF3632A274568009E0F94 /* XCRemoteSwiftPackageReference "lottie-ios" */ = {
			isa = XCRemoteSwiftPackageReference;
			repositoryURL = "https://github.com/airbnb/lottie-ios.git";
			requirement = {
				branch = master;
				kind = branch;
			};
		};
/* End XCRemoteSwiftPackageReference section */

/* Begin XCSwiftPackageProductDependency section */
		1F1CF3642A274568009E0F94 /* Lottie */ = {
			isa = XCSwiftPackageProductDependency;
			package = 1F1CF3632A274568009E0F94 /* XCRemoteSwiftPackageReference "lottie-ios" */;
			productName = Lottie;
		};
/* End XCSwiftPackageProductDependency section */
	};
	rootObject = 1F1CF3442A273083009E0F94 /* Project object */;
}
